
Microsoft Visual Studio Solution File, Format Version 12.00
# Visual Studio Version 17
VisualStudioVersion = 17.0.31903.59
MinimumVisualStudioVersion = 10.0.40219.1
Project("{2150E333-8FDC-42A3-9474-1A3956D46DE8}") = "src", "src", "{827E0CD3-B72D-47B6-A68D-7590B98EB39B}"
EndProject
Project("{FAE04EC0-301F-11D3-BF4B-00C04F79EFBC}") = "TeamHub.Domain", "src\TeamHub.Domain\TeamHub.Domain.csproj", "{E6B3E906-2C1F-425A-8C38-5DF2B2F6D39A}"
EndProject
Project("{FAE04EC0-301F-11D3-BF4B-00C04F79EFBC}") = "TeamHub.Application", "src\TeamHub.Application\TeamHub.Application.csproj", "{D9112C9E-9811-4D80-9D32-E2FFD723E9A9}"
EndProject
Project("{FAE04EC0-301F-11D3-BF4B-00C04F79EFBC}") = "TeamHub.Infrastructure", "src\TeamHub.Infrastructure\TeamHub.Infrastructure.csproj", "{F7D525AB-ED3D-4044-A41B-6F041A38479B}"
EndProject
Project("{FAE04EC0-301F-11D3-BF4B-00C04F79EFBC}") = "TeamHub.Web", "src\TeamHub.Web\TeamHub.Web.csproj", "{FC0C3B93-0B22-4409-A03A-2AA216EF9A69}"
EndProject
Project("{FAE04EC0-301F-11D3-BF4B-00C04F79EFBC}") = "TeamHub.Tests", "tests\TeamHub.Tests\TeamHub.Tests.csproj", "{C05EEF99-FAA8-4558-A24A-41302884307D}"
EndProject
Project("{FAE04EC0-301F-11D3-BF4B-00C04F79EFBC}") = "TeamHub.Milestones", "src\TeamHub.Milestones\TeamHub.Milestones.csproj", "{079B13F0-3D67-460E-81F0-F04DE409ABE0}"
EndProject
Project("{FAE04EC0-301F-11D3-BF4B-00C04F79EFBC}") = "TeamHub.Authentication", "src\TeamHub.Authentication\TeamHub.Authentication.csproj", "{33B106E9-A6C0-4202-8FEE-7C716C599FBF}"
EndProject
Project("{FAE04EC0-301F-11D3-BF4B-00C04F79EFBC}") = "TeamHub.Team", "src\TeamHub.Team\TeamHub.Team.csproj", "{C9BD34FF-74CC-418A-AD3A-234E13404CFB}"
EndProject
Project("{FAE04EC0-301F-11D3-BF4B-00C04F79EFBC}") = "TeamHub.Studio", "src\TeamHub.Studio\TeamHub.Studio.csproj", "{3AF01EC7-1177-455D-9DFD-9CB386307F2F}"
EndProject
Project("{FAE04EC0-301F-11D3-BF4B-00C04F79EFBC}") = "TeamHub.FlowDesigner.Core", "src\TeamHub.FlowDesigner.Core\TeamHub.FlowDesigner.Core.csproj", "{4E50FF3F-09AF-4FC4-A58F-ECC5A4A9E101}"
EndProject
Project("{FAE04EC0-301F-11D3-BF4B-00C04F79EFBC}") = "TeamHub.FlowDesigner", "src\TeamHub.FlowDesigner\TeamHub.FlowDesigner.csproj", "{E678AFD7-C73D-4418-B107-72CD59A50771}"
EndProject
Project("{FAE04EC0-301F-11D3-BF4B-00C04F79EFBC}") = "TeamHub.FlowDesigner.Web", "src\TeamHub.FlowDesigner.Web\TeamHub.FlowDesigner.Web.csproj", "{09A9DD7F-78A3-462E-8D29-B386F7186180}"
EndProject
Project("{FAE04EC0-301F-11D3-BF4B-00C04F79EFBC}") = "TeamHub.FlowDesigner.Standalone", "src\TeamHub.FlowDesigner.Standalone\TeamHub.FlowDesigner.Standalone.csproj", "{4A1A3FC2-6FC4-43D5-9E18-1A3A7CB7D9AA}"
EndProject
Project("{FAE04EC0-301F-11D3-BF4B-00C04F79EFBC}") = "TeamHub.FlowDesigner.Tests", "tests\TeamHub.FlowDesigner.Tests\TeamHub.FlowDesigner.Tests.csproj", "{A18503C9-45EC-4D98-831C-760C3936DF80}"
EndProject
Global
	GlobalSection(SolutionConfigurationPlatforms) = preSolution
		Debug|Any CPU = Debug|Any CPU
		Debug|x64 = Debug|x64
		Debug|x86 = Debug|x86
		Release|Any CPU = Release|Any CPU
		Release|x64 = Release|x64
		Release|x86 = Release|x86
	EndGlobalSection
	GlobalSection(ProjectConfigurationPlatforms) = postSolution
		{E6B3E906-2C1F-425A-8C38-5DF2B2F6D39A}.Debug|Any CPU.ActiveCfg = Debug|Any CPU
		{E6B3E906-2C1F-425A-8C38-5DF2B2F6D39A}.Debug|Any CPU.Build.0 = Debug|Any CPU
		{E6B3E906-2C1F-425A-8C38-5DF2B2F6D39A}.Debug|x64.ActiveCfg = Debug|Any CPU
		{E6B3E906-2C1F-425A-8C38-5DF2B2F6D39A}.Debug|x64.Build.0 = Debug|Any CPU
		{E6B3E906-2C1F-425A-8C38-5DF2B2F6D39A}.Debug|x86.ActiveCfg = Debug|Any CPU
		{E6B3E906-2C1F-425A-8C38-5DF2B2F6D39A}.Debug|x86.Build.0 = Debug|Any CPU
		{E6B3E906-2C1F-425A-8C38-5DF2B2F6D39A}.Release|Any CPU.ActiveCfg = Release|Any CPU
		{E6B3E906-2C1F-425A-8C38-5DF2B2F6D39A}.Release|Any CPU.Build.0 = Release|Any CPU
		{E6B3E906-2C1F-425A-8C38-5DF2B2F6D39A}.Release|x64.ActiveCfg = Release|Any CPU
		{E6B3E906-2C1F-425A-8C38-5DF2B2F6D39A}.Release|x64.Build.0 = Release|Any CPU
		{E6B3E906-2C1F-425A-8C38-5DF2B2F6D39A}.Release|x86.ActiveCfg = Release|Any CPU
		{E6B3E906-2C1F-425A-8C38-5DF2B2F6D39A}.Release|x86.Build.0 = Release|Any CPU
		{D9112C9E-9811-4D80-9D32-E2FFD723E9A9}.Debug|Any CPU.ActiveCfg = Debug|Any CPU
		{D9112C9E-9811-4D80-9D32-E2FFD723E9A9}.Debug|Any CPU.Build.0 = Debug|Any CPU
		{D9112C9E-9811-4D80-9D32-E2FFD723E9A9}.Debug|x64.ActiveCfg = Debug|Any CPU
		{D9112C9E-9811-4D80-9D32-E2FFD723E9A9}.Debug|x64.Build.0 = Debug|Any CPU
		{D9112C9E-9811-4D80-9D32-E2FFD723E9A9}.Debug|x86.ActiveCfg = Debug|Any CPU
		{D9112C9E-9811-4D80-9D32-E2FFD723E9A9}.Debug|x86.Build.0 = Debug|Any CPU
		{D9112C9E-9811-4D80-9D32-E2FFD723E9A9}.Release|Any CPU.ActiveCfg = Release|Any CPU
		{D9112C9E-9811-4D80-9D32-E2FFD723E9A9}.Release|Any CPU.Build.0 = Release|Any CPU
		{D9112C9E-9811-4D80-9D32-E2FFD723E9A9}.Release|x64.ActiveCfg = Release|Any CPU
		{D9112C9E-9811-4D80-9D32-E2FFD723E9A9}.Release|x64.Build.0 = Release|Any CPU
		{D9112C9E-9811-4D80-9D32-E2FFD723E9A9}.Release|x86.ActiveCfg = Release|Any CPU
		{D9112C9E-9811-4D80-9D32-E2FFD723E9A9}.Release|x86.Build.0 = Release|Any CPU
		{F7D525AB-ED3D-4044-A41B-6F041A38479B}.Debug|Any CPU.ActiveCfg = Debug|Any CPU
		{F7D525AB-ED3D-4044-A41B-6F041A38479B}.Debug|Any CPU.Build.0 = Debug|Any CPU
		{F7D525AB-ED3D-4044-A41B-6F041A38479B}.Debug|x64.ActiveCfg = Debug|Any CPU
		{F7D525AB-ED3D-4044-A41B-6F041A38479B}.Debug|x64.Build.0 = Debug|Any CPU
		{F7D525AB-ED3D-4044-A41B-6F041A38479B}.Debug|x86.ActiveCfg = Debug|Any CPU
		{F7D525AB-ED3D-4044-A41B-6F041A38479B}.Debug|x86.Build.0 = Debug|Any CPU
		{F7D525AB-ED3D-4044-A41B-6F041A38479B}.Release|Any CPU.ActiveCfg = Release|Any CPU
		{F7D525AB-ED3D-4044-A41B-6F041A38479B}.Release|Any CPU.Build.0 = Release|Any CPU
		{F7D525AB-ED3D-4044-A41B-6F041A38479B}.Release|x64.ActiveCfg = Release|Any CPU
		{F7D525AB-ED3D-4044-A41B-6F041A38479B}.Release|x64.Build.0 = Release|Any CPU
		{F7D525AB-ED3D-4044-A41B-6F041A38479B}.Release|x86.ActiveCfg = Release|Any CPU
		{F7D525AB-ED3D-4044-A41B-6F041A38479B}.Release|x86.Build.0 = Release|Any CPU
		{FC0C3B93-0B22-4409-A03A-2AA216EF9A69}.Debug|Any CPU.ActiveCfg = Debug|Any CPU
		{FC0C3B93-0B22-4409-A03A-2AA216EF9A69}.Debug|Any CPU.Build.0 = Debug|Any CPU
		{FC0C3B93-0B22-4409-A03A-2AA216EF9A69}.Debug|x64.ActiveCfg = Debug|Any CPU
		{FC0C3B93-0B22-4409-A03A-2AA216EF9A69}.Debug|x64.Build.0 = Debug|Any CPU
		{FC0C3B93-0B22-4409-A03A-2AA216EF9A69}.Debug|x86.ActiveCfg = Debug|Any CPU
		{FC0C3B93-0B22-4409-A03A-2AA216EF9A69}.Debug|x86.Build.0 = Debug|Any CPU
		{FC0C3B93-0B22-4409-A03A-2AA216EF9A69}.Release|Any CPU.ActiveCfg = Release|Any CPU
		{FC0C3B93-0B22-4409-A03A-2AA216EF9A69}.Release|Any CPU.Build.0 = Release|Any CPU
		{FC0C3B93-0B22-4409-A03A-2AA216EF9A69}.Release|x64.ActiveCfg = Release|Any CPU
		{FC0C3B93-0B22-4409-A03A-2AA216EF9A69}.Release|x64.Build.0 = Release|Any CPU
		{FC0C3B93-0B22-4409-A03A-2AA216EF9A69}.Release|x86.ActiveCfg = Release|Any CPU
		{FC0C3B93-0B22-4409-A03A-2AA216EF9A69}.Release|x86.Build.0 = Release|Any CPU
		{C05EEF99-FAA8-4558-A24A-41302884307D}.Debug|Any CPU.ActiveCfg = Debug|Any CPU
		{C05EEF99-FAA8-4558-A24A-41302884307D}.Debug|Any CPU.Build.0 = Debug|Any CPU
		{C05EEF99-FAA8-4558-A24A-41302884307D}.Debug|x64.ActiveCfg = Debug|Any CPU
		{C05EEF99-FAA8-4558-A24A-41302884307D}.Debug|x64.Build.0 = Debug|Any CPU
		{C05EEF99-FAA8-4558-A24A-41302884307D}.Debug|x86.ActiveCfg = Debug|Any CPU
		{C05EEF99-FAA8-4558-A24A-41302884307D}.Debug|x86.Build.0 = Debug|Any CPU
		{C05EEF99-FAA8-4558-A24A-41302884307D}.Release|Any CPU.ActiveCfg = Release|Any CPU
		{C05EEF99-FAA8-4558-A24A-41302884307D}.Release|Any CPU.Build.0 = Release|Any CPU
		{C05EEF99-FAA8-4558-A24A-41302884307D}.Release|x64.ActiveCfg = Release|Any CPU
		{C05EEF99-FAA8-4558-A24A-41302884307D}.Release|x64.Build.0 = Release|Any CPU
		{C05EEF99-FAA8-4558-A24A-41302884307D}.Release|x86.ActiveCfg = Release|Any CPU
		{C05EEF99-FAA8-4558-A24A-41302884307D}.Release|x86.Build.0 = Release|Any CPU
		{079B13F0-3D67-460E-81F0-F04DE409ABE0}.Debug|Any CPU.ActiveCfg = Debug|Any CPU
		{079B13F0-3D67-460E-81F0-F04DE409ABE0}.Debug|Any CPU.Build.0 = Debug|Any CPU
		{079B13F0-3D67-460E-81F0-F04DE409ABE0}.Debug|x64.ActiveCfg = Debug|Any CPU
		{079B13F0-3D67-460E-81F0-F04DE409ABE0}.Debug|x64.Build.0 = Debug|Any CPU
		{079B13F0-3D67-460E-81F0-F04DE409ABE0}.Debug|x86.ActiveCfg = Debug|Any CPU
		{079B13F0-3D67-460E-81F0-F04DE409ABE0}.Debug|x86.Build.0 = Debug|Any CPU
		{079B13F0-3D67-460E-81F0-F04DE409ABE0}.Release|Any CPU.ActiveCfg = Release|Any CPU
		{079B13F0-3D67-460E-81F0-F04DE409ABE0}.Release|Any CPU.Build.0 = Release|Any CPU
		{079B13F0-3D67-460E-81F0-F04DE409ABE0}.Release|x64.ActiveCfg = Release|Any CPU
		{079B13F0-3D67-460E-81F0-F04DE409ABE0}.Release|x64.Build.0 = Release|Any CPU
		{079B13F0-3D67-460E-81F0-F04DE409ABE0}.Release|x86.ActiveCfg = Release|Any CPU
		{079B13F0-3D67-460E-81F0-F04DE409ABE0}.Release|x86.Build.0 = Release|Any CPU
		{33B106E9-A6C0-4202-8FEE-7C716C599FBF}.Debug|Any CPU.ActiveCfg = Debug|Any CPU
		{33B106E9-A6C0-4202-8FEE-7C716C599FBF}.Debug|Any CPU.Build.0 = Debug|Any CPU
		{33B106E9-A6C0-4202-8FEE-7C716C599FBF}.Debug|x64.ActiveCfg = Debug|Any CPU
		{33B106E9-A6C0-4202-8FEE-7C716C599FBF}.Debug|x64.Build.0 = Debug|Any CPU
		{33B106E9-A6C0-4202-8FEE-7C716C599FBF}.Debug|x86.ActiveCfg = Debug|Any CPU
		{33B106E9-A6C0-4202-8FEE-7C716C599FBF}.Debug|x86.Build.0 = Debug|Any CPU
		{33B106E9-A6C0-4202-8FEE-7C716C599FBF}.Release|Any CPU.ActiveCfg = Release|Any CPU
		{33B106E9-A6C0-4202-8FEE-7C716C599FBF}.Release|Any CPU.Build.0 = Release|Any CPU
		{33B106E9-A6C0-4202-8FEE-7C716C599FBF}.Release|x64.ActiveCfg = Release|Any CPU
		{33B106E9-A6C0-4202-8FEE-7C716C599FBF}.Release|x64.Build.0 = Release|Any CPU
		{33B106E9-A6C0-4202-8FEE-7C716C599FBF}.Release|x86.ActiveCfg = Release|Any CPU
		{33B106E9-A6C0-4202-8FEE-7C716C599FBF}.Release|x86.Build.0 = Release|Any CPU
		{C9BD34FF-74CC-418A-AD3A-234E13404CFB}.Debug|Any CPU.ActiveCfg = Debug|Any CPU
		{C9BD34FF-74CC-418A-AD3A-234E13404CFB}.Debug|Any CPU.Build.0 = Debug|Any CPU
		{C9BD34FF-74CC-418A-AD3A-234E13404CFB}.Debug|x64.ActiveCfg = Debug|Any CPU
		{C9BD34FF-74CC-418A-AD3A-234E13404CFB}.Debug|x64.Build.0 = Debug|Any CPU
		{C9BD34FF-74CC-418A-AD3A-234E13404CFB}.Debug|x86.ActiveCfg = Debug|Any CPU
		{C9BD34FF-74CC-418A-AD3A-234E13404CFB}.Debug|x86.Build.0 = Debug|Any CPU
		{C9BD34FF-74CC-418A-AD3A-234E13404CFB}.Release|Any CPU.ActiveCfg = Release|Any CPU
		{C9BD34FF-74CC-418A-AD3A-234E13404CFB}.Release|Any CPU.Build.0 = Release|Any CPU
		{C9BD34FF-74CC-418A-AD3A-234E13404CFB}.Release|x64.ActiveCfg = Release|Any CPU
		{C9BD34FF-74CC-418A-AD3A-234E13404CFB}.Release|x64.Build.0 = Release|Any CPU
		{C9BD34FF-74CC-418A-AD3A-234E13404CFB}.Release|x86.ActiveCfg = Release|Any CPU
		{C9BD34FF-74CC-418A-AD3A-234E13404CFB}.Release|x86.Build.0 = Release|Any CPU
		{3AF01EC7-1177-455D-9DFD-9CB386307F2F}.Debug|Any CPU.ActiveCfg = Debug|Any CPU
		{3AF01EC7-1177-455D-9DFD-9CB386307F2F}.Debug|Any CPU.Build.0 = Debug|Any CPU
		{3AF01EC7-1177-455D-9DFD-9CB386307F2F}.Debug|x64.ActiveCfg = Debug|Any CPU
		{3AF01EC7-1177-455D-9DFD-9CB386307F2F}.Debug|x64.Build.0 = Debug|Any CPU
		{3AF01EC7-1177-455D-9DFD-9CB386307F2F}.Debug|x86.ActiveCfg = Debug|Any CPU
		{3AF01EC7-1177-455D-9DFD-9CB386307F2F}.Debug|x86.Build.0 = Debug|Any CPU
		{3AF01EC7-1177-455D-9DFD-9CB386307F2F}.Release|Any CPU.ActiveCfg = Release|Any CPU
		{3AF01EC7-1177-455D-9DFD-9CB386307F2F}.Release|Any CPU.Build.0 = Release|Any CPU
		{3AF01EC7-1177-455D-9DFD-9CB386307F2F}.Release|x64.ActiveCfg = Release|Any CPU
		{3AF01EC7-1177-455D-9DFD-9CB386307F2F}.Release|x64.Build.0 = Release|Any CPU
		{3AF01EC7-1177-455D-9DFD-9CB386307F2F}.Release|x86.ActiveCfg = Release|Any CPU
		{3AF01EC7-1177-455D-9DFD-9CB386307F2F}.Release|x86.Build.0 = Release|Any CPU
		{4E50FF3F-09AF-4FC4-A58F-ECC5A4A9E101}.Debug|Any CPU.ActiveCfg = Debug|Any CPU
		{4E50FF3F-09AF-4FC4-A58F-ECC5A4A9E101}.Debug|Any CPU.Build.0 = Debug|Any CPU
		{4E50FF3F-09AF-4FC4-A58F-ECC5A4A9E101}.Debug|x64.ActiveCfg = Debug|Any CPU
		{4E50FF3F-09AF-4FC4-A58F-ECC5A4A9E101}.Debug|x64.Build.0 = Debug|Any CPU
		{4E50FF3F-09AF-4FC4-A58F-ECC5A4A9E101}.Debug|x86.ActiveCfg = Debug|Any CPU
		{4E50FF3F-09AF-4FC4-A58F-ECC5A4A9E101}.Debug|x86.Build.0 = Debug|Any CPU
		{4E50FF3F-09AF-4FC4-A58F-ECC5A4A9E101}.Release|Any CPU.ActiveCfg = Release|Any CPU
		{4E50FF3F-09AF-4FC4-A58F-ECC5A4A9E101}.Release|Any CPU.Build.0 = Release|Any CPU
		{4E50FF3F-09AF-4FC4-A58F-ECC5A4A9E101}.Release|x64.ActiveCfg = Release|Any CPU
		{4E50FF3F-09AF-4FC4-A58F-ECC5A4A9E101}.Release|x64.Build.0 = Release|Any CPU
		{4E50FF3F-09AF-4FC4-A58F-ECC5A4A9E101}.Release|x86.ActiveCfg = Release|Any CPU
		{4E50FF3F-09AF-4FC4-A58F-ECC5A4A9E101}.Release|x86.Build.0 = Release|Any CPU
		{E678AFD7-C73D-4418-B107-72CD59A50771}.Debug|Any CPU.ActiveCfg = Debug|Any CPU
		{E678AFD7-C73D-4418-B107-72CD59A50771}.Debug|Any CPU.Build.0 = Debug|Any CPU
		{E678AFD7-C73D-4418-B107-72CD59A50771}.Debug|x64.ActiveCfg = Debug|Any CPU
		{E678AFD7-C73D-4418-B107-72CD59A50771}.Debug|x64.Build.0 = Debug|Any CPU
		{E678AFD7-C73D-4418-B107-72CD59A50771}.Debug|x86.ActiveCfg = Debug|Any CPU
		{E678AFD7-C73D-4418-B107-72CD59A50771}.Debug|x86.Build.0 = Debug|Any CPU
		{E678AFD7-C73D-4418-B107-72CD59A50771}.Release|Any CPU.ActiveCfg = Release|Any CPU
		{E678AFD7-C73D-4418-B107-72CD59A50771}.Release|Any CPU.Build.0 = Release|Any CPU
		{E678AFD7-C73D-4418-B107-72CD59A50771}.Release|x64.ActiveCfg = Release|Any CPU
		{E678AFD7-C73D-4418-B107-72CD59A50771}.Release|x64.Build.0 = Release|Any CPU
		{E678AFD7-C73D-4418-B107-72CD59A50771}.Release|x86.ActiveCfg = Release|Any CPU
		{E678AFD7-C73D-4418-B107-72CD59A50771}.Release|x86.Build.0 = Release|Any CPU
		{09A9DD7F-78A3-462E-8D29-B386F7186180}.Debug|Any CPU.ActiveCfg = Debug|Any CPU
		{09A9DD7F-78A3-462E-8D29-B386F7186180}.Debug|Any CPU.Build.0 = Debug|Any CPU
		{09A9DD7F-78A3-462E-8D29-B386F7186180}.Debug|x64.ActiveCfg = Debug|Any CPU
		{09A9DD7F-78A3-462E-8D29-B386F7186180}.Debug|x64.Build.0 = Debug|Any CPU
		{09A9DD7F-78A3-462E-8D29-B386F7186180}.Debug|x86.ActiveCfg = Debug|Any CPU
		{09A9DD7F-78A3-462E-8D29-B386F7186180}.Debug|x86.Build.0 = Debug|Any CPU
		{09A9DD7F-78A3-462E-8D29-B386F7186180}.Release|Any CPU.ActiveCfg = Release|Any CPU
		{09A9DD7F-78A3-462E-8D29-B386F7186180}.Release|Any CPU.Build.0 = Release|Any CPU
		{09A9DD7F-78A3-462E-8D29-B386F7186180}.Release|x64.ActiveCfg = Release|Any CPU
		{09A9DD7F-78A3-462E-8D29-B386F7186180}.Release|x64.Build.0 = Release|Any CPU
		{09A9DD7F-78A3-462E-8D29-B386F7186180}.Release|x86.ActiveCfg = Release|Any CPU
		{09A9DD7F-78A3-462E-8D29-B386F7186180}.Release|x86.Build.0 = Release|Any CPU
		{4A1A3FC2-6FC4-43D5-9E18-1A3A7CB7D9AA}.Debug|Any CPU.ActiveCfg = Debug|Any CPU
		{4A1A3FC2-6FC4-43D5-9E18-1A3A7CB7D9AA}.Debug|Any CPU.Build.0 = Debug|Any CPU
		{4A1A3FC2-6FC4-43D5-9E18-1A3A7CB7D9AA}.Debug|x64.ActiveCfg = Debug|Any CPU
		{4A1A3FC2-6FC4-43D5-9E18-1A3A7CB7D9AA}.Debug|x64.Build.0 = Debug|Any CPU
		{4A1A3FC2-6FC4-43D5-9E18-1A3A7CB7D9AA}.Debug|x86.ActiveCfg = Debug|Any CPU
		{4A1A3FC2-6FC4-43D5-9E18-1A3A7CB7D9AA}.Debug|x86.Build.0 = Debug|Any CPU
		{4A1A3FC2-6FC4-43D5-9E18-1A3A7CB7D9AA}.Release|Any CPU.ActiveCfg = Release|Any CPU
		{4A1A3FC2-6FC4-43D5-9E18-1A3A7CB7D9AA}.Release|Any CPU.Build.0 = Release|Any CPU
		{4A1A3FC2-6FC4-43D5-9E18-1A3A7CB7D9AA}.Release|x64.ActiveCfg = Release|Any CPU
		{4A1A3FC2-6FC4-43D5-9E18-1A3A7CB7D9AA}.Release|x64.Build.0 = Release|Any CPU
		{4A1A3FC2-6FC4-43D5-9E18-1A3A7CB7D9AA}.Release|x86.ActiveCfg = Release|Any CPU
		{4A1A3FC2-6FC4-43D5-9E18-1A3A7CB7D9AA}.Release|x86.Build.0 = Release|Any CPU
		{A18503C9-45EC-4D98-831C-760C3936DF80}.Debug|Any CPU.ActiveCfg = Debug|Any CPU
		{A18503C9-45EC-4D98-831C-760C3936DF80}.Debug|Any CPU.Build.0 = Debug|Any CPU
		{A18503C9-45EC-4D98-831C-760C3936DF80}.Debug|x64.ActiveCfg = Debug|Any CPU
		{A18503C9-45EC-4D98-831C-760C3936DF80}.Debug|x64.Build.0 = Debug|Any CPU
		{A18503C9-45EC-4D98-831C-760C3936DF80}.Debug|x86.ActiveCfg = Debug|Any CPU
		{A18503C9-45EC-4D98-831C-760C3936DF80}.Debug|x86.Build.0 = Debug|Any CPU
		{A18503C9-45EC-4D98-831C-760C3936DF80}.Release|Any CPU.ActiveCfg = Release|Any CPU
		{A18503C9-45EC-4D98-831C-760C3936DF80}.Release|Any CPU.Build.0 = Release|Any CPU
		{A18503C9-45EC-4D98-831C-760C3936DF80}.Release|x64.ActiveCfg = Release|Any CPU
		{A18503C9-45EC-4D98-831C-760C3936DF80}.Release|x64.Build.0 = Release|Any CPU
		{A18503C9-45EC-4D98-831C-760C3936DF80}.Release|x86.ActiveCfg = Release|Any CPU
		{A18503C9-45EC-4D98-831C-760C3936DF80}.Release|x86.Build.0 = Release|Any CPU
	EndGlobalSection
	GlobalSection(SolutionProperties) = preSolution
		HideSolutionNode = FALSE
	EndGlobalSection
	GlobalSection(NestedProjects) = preSolution
		{E6B3E906-2C1F-425A-8C38-5DF2B2F6D39A} = {827E0CD3-B72D-47B6-A68D-7590B98EB39B}
		{D9112C9E-9811-4D80-9D32-E2FFD723E9A9} = {827E0CD3-B72D-47B6-A68D-7590B98EB39B}
		{F7D525AB-ED3D-4044-A41B-6F041A38479B} = {827E0CD3-B72D-47B6-A68D-7590B98EB39B}
		{FC0C3B93-0B22-4409-A03A-2AA216EF9A69} = {827E0CD3-B72D-47B6-A68D-7590B98EB39B}
		{C05EEF99-FAA8-4558-A24A-41302884307D} = {827E0CD3-B72D-47B6-A68D-7590B98EB39B}
		{079B13F0-3D67-460E-81F0-F04DE409ABE0} = {827E0CD3-B72D-47B6-A68D-7590B98EB39B}
		{33B106E9-A6C0-4202-8FEE-7C716C599FBF} = {827E0CD3-B72D-47B6-A68D-7590B98EB39B}
		{C9BD34FF-74CC-418A-AD3A-234E13404CFB} = {827E0CD3-B72D-47B6-A68D-7590B98EB39B}
		{3AF01EC7-1177-455D-9DFD-9CB386307F2F} = {827E0CD3-B72D-47B6-A68D-7590B98EB39B}
		{4E50FF3F-09AF-4FC4-A58F-ECC5A4A9E101} = {827E0CD3-B72D-47B6-A68D-7590B98EB39B}
		{E678AFD7-C73D-4418-B107-72CD59A50771} = {827E0CD3-B72D-47B6-A68D-7590B98EB39B}
		{09A9DD7F-78A3-462E-8D29-B386F7186180} = {827E0CD3-B72D-47B6-A68D-7590B98EB39B}
		{4A1A3FC2-6FC4-43D5-9E18-1A3A7CB7D9AA} = {827E0CD3-B72D-47B6-A68D-7590B98EB39B}
		{A18503C9-45EC-4D98-831C-760C3936DF80} = {827E0CD3-B72D-47B6-A68D-7590B98EB39B}
	EndGlobalSection
EndGlobal
